// !$*UTF8*$!
{
	archiveVersion = 1;
	classes = {
	};
	objectVersion = 48;
	objects = {

/* Begin PBXBuildFile section */
		1C019D921FC405BB0081A909 /* CoreDataManager.m in Sources */ = {isa = PBXBuildFile; fileRef = 1C019D911FC405BB0081A909 /* CoreDataManager.m */; };
		1C019D951FC405C80081A909 /* PhotoEntity.m in Sources */ = {isa = PBXBuildFile; fileRef = 1C019D941FC405C80081A909 /* PhotoEntity.m */; };
		1C1F397A1FE748FD009E96FA /* feature.txt in Resources */ = {isa = PBXBuildFile; fileRef = 1C1F39791FE748FD009E96FA /* feature.txt */; };
		1C4CBF0A1FC7F0650048315F /* splash.png in Resources */ = {isa = PBXBuildFile; fileRef = 1C4CBF091FC7F0650048315F /* splash.png */; };
		1C4CBF0D1FC7FBD80048315F /* select_mark.png in Resources */ = {isa = PBXBuildFile; fileRef = 1C4CBF0C1FC7FBD80048315F /* select_mark.png */; };
		1C542DA21FCB945A00E01EBE /* navibar_back.png in Resources */ = {isa = PBXBuildFile; fileRef = 1C542DA11FCB945A00E01EBE /* navibar_back.png */; };
		1C542DA51FCBCC4900E01EBE /* PlayerViewController.m in Sources */ = {isa = PBXBuildFile; fileRef = 1C542DA41FCBCC4900E01EBE /* PlayerViewController.m */; };
		1C66E7311FBE790700FF16E4 /* Photos.framework in Frameworks */ = {isa = PBXBuildFile; fileRef = 1C97B53C1FBE68640050271F /* Photos.framework */; };
		1C7856C71FC5180700E50E19 /* PhotoCollection.m in Sources */ = {isa = PBXBuildFile; fileRef = 1C7856C61FC5180700E50E19 /* PhotoCollection.m */; };
		1C97B5241FBE5FAC0050271F /* AppDelegate.m in Sources */ = {isa = PBXBuildFile; fileRef = 1C97B5231FBE5FAC0050271F /* AppDelegate.m */; };
		1C97B5271FBE5FAC0050271F /* AlbumListViewController.m in Sources */ = {isa = PBXBuildFile; fileRef = 1C97B5261FBE5FAC0050271F /* AlbumListViewController.m */; };
		1C97B52A1FBE5FAC0050271F /* Main.storyboard in Resources */ = {isa = PBXBuildFile; fileRef = 1C97B5281FBE5FAC0050271F /* Main.storyboard */; };
		1C97B52D1FBE5FAC0050271F /* ImageMemo.xcdatamodeld in Sources */ = {isa = PBXBuildFile; fileRef = 1C97B52B1FBE5FAC0050271F /* ImageMemo.xcdatamodeld */; };
		1C97B52F1FBE5FAC0050271F /* Assets.xcassets in Resources */ = {isa = PBXBuildFile; fileRef = 1C97B52E1FBE5FAC0050271F /* Assets.xcassets */; };
		1C97B5321FBE5FAC0050271F /* LaunchScreen.storyboard in Resources */ = {isa = PBXBuildFile; fileRef = 1C97B5301FBE5FAC0050271F /* LaunchScreen.storyboard */; };
		1C97B5351FBE5FAC0050271F /* main.m in Sources */ = {isa = PBXBuildFile; fileRef = 1C97B5341FBE5FAC0050271F /* main.m */; };
		1CA8FAC31FCCF8CA003A71ED /* MemoSelectViewController.m in Sources */ = {isa = PBXBuildFile; fileRef = 1CA8FAC21FCCF8CA003A71ED /* MemoSelectViewController.m */; };
		1CA8FAC61FCCFE58003A71ED /* ImageViewController.m in Sources */ = {isa = PBXBuildFile; fileRef = 1CA8FAC51FCCFE58003A71ED /* ImageViewController.m */; };
		1CA8FAC81FCD2240003A71ED /* navibar_close.png in Resources */ = {isa = PBXBuildFile; fileRef = 1CA8FAC71FCD223F003A71ED /* navibar_close.png */; };
		1CA8FACA1FCD578D003A71ED /* player_play.png in Resources */ = {isa = PBXBuildFile; fileRef = 1CA8FAC91FCD578D003A71ED /* player_play.png */; };
		1CBA9A001FBE89AC00252945 /* AlbumTableViewCell.m in Sources */ = {isa = PBXBuildFile; fileRef = 1CBA99FE1FBE89AC00252945 /* AlbumTableViewCell.m */; };
		1CBA9A011FBE89AC00252945 /* AlbumTableViewCell.xib in Resources */ = {isa = PBXBuildFile; fileRef = 1CBA99FF1FBE89AC00252945 /* AlbumTableViewCell.xib */; };
		1CBA9A0B1FBEBB8400252945 /* PhotosViewController.m in Sources */ = {isa = PBXBuildFile; fileRef = 1CBA9A0A1FBEBB8400252945 /* PhotosViewController.m */; };
		1CEEFCC41FE3997C005BFB8C /* setting_button.png in Resources */ = {isa = PBXBuildFile; fileRef = 1CEEFCC31FE3997C005BFB8C /* setting_button.png */; };
		1CEEFCC61FE39B9E005BFB8C /* memo_mark.png in Resources */ = {isa = PBXBuildFile; fileRef = 1CEEFCC51FE39B9E005BFB8C /* memo_mark.png */; };
		52647F3F1FE4FA830052D54D /* share_button.png in Resources */ = {isa = PBXBuildFile; fileRef = 52647F3E1FE4FA830052D54D /* share_button.png */; };
/* End PBXBuildFile section */

/* Begin PBXFileReference section */
		1C019D901FC405B70081A909 /* CoreDataManager.h */ = {isa = PBXFileReference; lastKnownFileType = sourcecode.c.h; path = CoreDataManager.h; sourceTree = "<group>"; };
		1C019D911FC405BB0081A909 /* CoreDataManager.m */ = {isa = PBXFileReference; lastKnownFileType = sourcecode.c.objc; path = CoreDataManager.m; sourceTree = "<group>"; };
		1C019D931FC405C40081A909 /* PhotoEntity.h */ = {isa = PBXFileReference; lastKnownFileType = sourcecode.c.h; path = PhotoEntity.h; sourceTree = "<group>"; };
		1C019D941FC405C80081A909 /* PhotoEntity.m */ = {isa = PBXFileReference; lastKnownFileType = sourcecode.c.objc; path = PhotoEntity.m; sourceTree = "<group>"; };
		1C019D961FC405CA0081A909 /* AppDelegate.h */ = {isa = PBXFileReference; lastKnownFileType = sourcecode.c.h; path = AppDelegate.h; sourceTree = "<group>"; };
		1C1F39791FE748FD009E96FA /* feature.txt */ = {isa = PBXFileReference; fileEncoding = 4; lastKnownFileType = text; path = feature.txt; sourceTree = SOURCE_ROOT; };
		1C4CBF091FC7F0650048315F /* splash.png */ = {isa = PBXFileReference; lastKnownFileType = image.png; path = splash.png; sourceTree = "<group>"; };
		1C4CBF0C1FC7FBD80048315F /* select_mark.png */ = {isa = PBXFileReference; lastKnownFileType = image.png; path = select_mark.png; sourceTree = "<group>"; };
		1C542DA11FCB945A00E01EBE /* navibar_back.png */ = {isa = PBXFileReference; lastKnownFileType = image.png; path = navibar_back.png; sourceTree = "<group>"; };
		1C542DA31FCBCC4900E01EBE /* PlayerViewController.h */ = {isa = PBXFileReference; lastKnownFileType = sourcecode.c.h; path = PlayerViewController.h; sourceTree = "<group>"; };
		1C542DA41FCBCC4900E01EBE /* PlayerViewController.m */ = {isa = PBXFileReference; lastKnownFileType = sourcecode.c.objc; path = PlayerViewController.m; sourceTree = "<group>"; };
		1C7856C61FC5180700E50E19 /* PhotoCollection.m */ = {isa = PBXFileReference; lastKnownFileType = sourcecode.c.objc; path = PhotoCollection.m; sourceTree = "<group>"; };
		1C7856C81FC5181800E50E19 /* PhotoCollection.h */ = {isa = PBXFileReference; lastKnownFileType = sourcecode.c.h; path = PhotoCollection.h; sourceTree = "<group>"; };
		1C97B51F1FBE5FAC0050271F /* ImageMemo.app */ = {isa = PBXFileReference; explicitFileType = wrapper.application; includeInIndex = 0; path = ImageMemo.app; sourceTree = BUILT_PRODUCTS_DIR; };
		1C97B5231FBE5FAC0050271F /* AppDelegate.m */ = {isa = PBXFileReference; lastKnownFileType = sourcecode.c.objc; path = AppDelegate.m; sourceTree = "<group>"; };
		1C97B5251FBE5FAC0050271F /* AlbumListViewController.h */ = {isa = PBXFileReference; lastKnownFileType = sourcecode.c.h; path = AlbumListViewController.h; sourceTree = "<group>"; };
		1C97B5261FBE5FAC0050271F /* AlbumListViewController.m */ = {isa = PBXFileReference; lastKnownFileType = sourcecode.c.objc; path = AlbumListViewController.m; sourceTree = "<group>"; };
		1C97B5291FBE5FAC0050271F /* Base */ = {isa = PBXFileReference; lastKnownFileType = file.storyboard; name = Base; path = Base.lproj/Main.storyboard; sourceTree = "<group>"; };
		1C97B52C1FBE5FAC0050271F /* ImageMemo.xcdatamodel */ = {isa = PBXFileReference; lastKnownFileType = wrapper.xcdatamodel; path = ImageMemo.xcdatamodel; sourceTree = "<group>"; };
		1C97B52E1FBE5FAC0050271F /* Assets.xcassets */ = {isa = PBXFileReference; lastKnownFileType = folder.assetcatalog; path = Assets.xcassets; sourceTree = "<group>"; };
		1C97B5311FBE5FAC0050271F /* Base */ = {isa = PBXFileReference; lastKnownFileType = file.storyboard; name = Base; path = Base.lproj/LaunchScreen.storyboard; sourceTree = "<group>"; };
		1C97B5331FBE5FAC0050271F /* Info.plist */ = {isa = PBXFileReference; lastKnownFileType = text.plist.xml; path = Info.plist; sourceTree = "<group>"; };
		1C97B5341FBE5FAC0050271F /* main.m */ = {isa = PBXFileReference; lastKnownFileType = sourcecode.c.objc; path = main.m; sourceTree = "<group>"; };
		1C97B53C1FBE68640050271F /* Photos.framework */ = {isa = PBXFileReference; lastKnownFileType = wrapper.framework; name = Photos.framework; path = System/Library/Frameworks/Photos.framework; sourceTree = SDKROOT; };
		1CA8FAC11FCCF8CA003A71ED /* MemoSelectViewController.h */ = {isa = PBXFileReference; lastKnownFileType = sourcecode.c.h; path = MemoSelectViewController.h; sourceTree = "<group>"; };
		1CA8FAC21FCCF8CA003A71ED /* MemoSelectViewController.m */ = {isa = PBXFileReference; lastKnownFileType = sourcecode.c.objc; path = MemoSelectViewController.m; sourceTree = "<group>"; };
		1CA8FAC41FCCFE58003A71ED /* ImageViewController.h */ = {isa = PBXFileReference; lastKnownFileType = sourcecode.c.h; path = ImageViewController.h; sourceTree = "<group>"; };
		1CA8FAC51FCCFE58003A71ED /* ImageViewController.m */ = {isa = PBXFileReference; lastKnownFileType = sourcecode.c.objc; path = ImageViewController.m; sourceTree = "<group>"; };
		1CA8FAC71FCD223F003A71ED /* navibar_close.png */ = {isa = PBXFileReference; lastKnownFileType = image.png; path = navibar_close.png; sourceTree = "<group>"; };
		1CA8FAC91FCD578D003A71ED /* player_play.png */ = {isa = PBXFileReference; lastKnownFileType = image.png; path = player_play.png; sourceTree = "<group>"; };
		1CBA99FD1FBE89AC00252945 /* AlbumTableViewCell.h */ = {isa = PBXFileReference; lastKnownFileType = sourcecode.c.h; path = AlbumTableViewCell.h; sourceTree = "<group>"; };
		1CBA99FE1FBE89AC00252945 /* AlbumTableViewCell.m */ = {isa = PBXFileReference; lastKnownFileType = sourcecode.c.objc; path = AlbumTableViewCell.m; sourceTree = "<group>"; };
		1CBA99FF1FBE89AC00252945 /* AlbumTableViewCell.xib */ = {isa = PBXFileReference; lastKnownFileType = file.xib; path = AlbumTableViewCell.xib; sourceTree = "<group>"; };
		1CBA9A091FBEBB8400252945 /* PhotosViewController.h */ = {isa = PBXFileReference; lastKnownFileType = sourcecode.c.h; path = PhotosViewController.h; sourceTree = "<group>"; };
		1CBA9A0A1FBEBB8400252945 /* PhotosViewController.m */ = {isa = PBXFileReference; lastKnownFileType = sourcecode.c.objc; path = PhotosViewController.m; sourceTree = "<group>"; };
		1CEEFCC31FE3997C005BFB8C /* setting_button.png */ = {isa = PBXFileReference; lastKnownFileType = image.png; path = setting_button.png; sourceTree = "<group>"; };
		1CEEFCC51FE39B9E005BFB8C /* memo_mark.png */ = {isa = PBXFileReference; lastKnownFileType = image.png; path = memo_mark.png; sourceTree = "<group>"; };
		52647F3E1FE4FA830052D54D /* share_button.png */ = {isa = PBXFileReference; lastKnownFileType = image.png; path = share_button.png; sourceTree = "<group>"; };
/* End PBXFileReference section */

/* Begin PBXFrameworksBuildPhase section */
		1C97B51C1FBE5FAC0050271F /* Frameworks */ = {
			isa = PBXFrameworksBuildPhase;
			buildActionMask = 2147483647;
			files = (
				1C66E7311FBE790700FF16E4 /* Photos.framework in Frameworks */,
			);
			runOnlyForDeploymentPostprocessing = 0;
		};
/* End PBXFrameworksBuildPhase section */

/* Begin PBXGroup section */
		1C2301231FCE8EE0006322E9 /* ViewController */ = {
			isa = PBXGroup;
			children = (
				1C2857581FE0FC5A00F9A28C /* Cells */,
				1CA8FAC41FCCFE58003A71ED /* ImageViewController.h */,
				1CA8FAC51FCCFE58003A71ED /* ImageViewController.m */,
				1CA8FAC11FCCF8CA003A71ED /* MemoSelectViewController.h */,
				1CA8FAC21FCCF8CA003A71ED /* MemoSelectViewController.m */,
				1C542DA31FCBCC4900E01EBE /* PlayerViewController.h */,
				1C542DA41FCBCC4900E01EBE /* PlayerViewController.m */,
				1CBA9A091FBEBB8400252945 /* PhotosViewController.h */,
				1CBA9A0A1FBEBB8400252945 /* PhotosViewController.m */,
				1C97B5251FBE5FAC0050271F /* AlbumListViewController.h */,
				1C97B5261FBE5FAC0050271F /* AlbumListViewController.m */,
			);
			path = ViewController;
			sourceTree = "<group>";
		};
		1C2301241FCE8F08006322E9 /* Data */ = {
			isa = PBXGroup;
			children = (
				1C2857591FE0FC8800F9A28C /* Entity */,
				1C7856C61FC5180700E50E19 /* PhotoCollection.m */,
				1C7856C81FC5181800E50E19 /* PhotoCollection.h */,
			);
			path = Data;
			sourceTree = "<group>";
		};
		1C2857581FE0FC5A00F9A28C /* Cells */ = {
			isa = PBXGroup;
			children = (
				1CBA99FD1FBE89AC00252945 /* AlbumTableViewCell.h */,
				1CBA99FE1FBE89AC00252945 /* AlbumTableViewCell.m */,
				1CBA99FF1FBE89AC00252945 /* AlbumTableViewCell.xib */,
			);
			path = Cells;
			sourceTree = "<group>";
		};
		1C2857591FE0FC8800F9A28C /* Entity */ = {
			isa = PBXGroup;
			children = (
				1C019D901FC405B70081A909 /* CoreDataManager.h */,
				1C019D911FC405BB0081A909 /* CoreDataManager.m */,
				1C019D931FC405C40081A909 /* PhotoEntity.h */,
				1C019D941FC405C80081A909 /* PhotoEntity.m */,
			);
			path = Entity;
			sourceTree = "<group>";
		};
		1C4CBF0B1FC7F3480048315F /* Resource */ = {
			isa = PBXGroup;
			children = (
				52647F3E1FE4FA830052D54D /* share_button.png */,
				1CEEFCC51FE39B9E005BFB8C /* memo_mark.png */,
				1CEEFCC31FE3997C005BFB8C /* setting_button.png */,
				1C4CBF0C1FC7FBD80048315F /* select_mark.png */,
				1C542DA11FCB945A00E01EBE /* navibar_back.png */,
				1CA8FAC71FCD223F003A71ED /* navibar_close.png */,
				1CA8FAC91FCD578D003A71ED /* player_play.png */,
				1C4CBF091FC7F0650048315F /* splash.png */,
			);
			path = Resource;
			sourceTree = "<group>";
		};
		1C97B5161FBE5FAC0050271F = {
			isa = PBXGroup;
			children = (
				1C97B5211FBE5FAC0050271F /* ImageMemo */,
				1C97B5201FBE5FAC0050271F /* Products */,
				1C97B53B1FBE68640050271F /* Frameworks */,
			);
			sourceTree = "<group>";
		};
		1C97B5201FBE5FAC0050271F /* Products */ = {
			isa = PBXGroup;
			children = (
				1C97B51F1FBE5FAC0050271F /* ImageMemo.app */,
			);
			name = Products;
			sourceTree = "<group>";
		};
		1C97B5211FBE5FAC0050271F /* ImageMemo */ = {
			isa = PBXGroup;
			children = (
				1C1F39791FE748FD009E96FA /* feature.txt */,
				1C2301241FCE8F08006322E9 /* Data */,
				1C2301231FCE8EE0006322E9 /* ViewController */,
				1C4CBF0B1FC7F3480048315F /* Resource */,
				1C019D961FC405CA0081A909 /* AppDelegate.h */,
				1C97B5231FBE5FAC0050271F /* AppDelegate.m */,
				1C97B52E1FBE5FAC0050271F /* Assets.xcassets */,
				1C97B52B1FBE5FAC0050271F /* ImageMemo.xcdatamodeld */,
				1C97B5331FBE5FAC0050271F /* Info.plist */,
				1C97B5301FBE5FAC0050271F /* LaunchScreen.storyboard */,
				1C97B5341FBE5FAC0050271F /* main.m */,
				1C97B5281FBE5FAC0050271F /* Main.storyboard */,
			);
			path = ImageMemo;
			sourceTree = "<group>";
		};
		1C97B53B1FBE68640050271F /* Frameworks */ = {
			isa = PBXGroup;
			children = (
				1C97B53C1FBE68640050271F /* Photos.framework */,
			);
			name = Frameworks;
			sourceTree = "<group>";
		};
/* End PBXGroup section */

/* Begin PBXNativeTarget section */
		1C97B51E1FBE5FAC0050271F /* ImageMemo */ = {
			isa = PBXNativeTarget;
			buildConfigurationList = 1C97B5381FBE5FAC0050271F /* Build configuration list for PBXNativeTarget "ImageMemo" */;
			buildPhases = (
				1C97B51B1FBE5FAC0050271F /* Sources */,
				1C97B51C1FBE5FAC0050271F /* Frameworks */,
				1C97B51D1FBE5FAC0050271F /* Resources */,
			);
			buildRules = (
			);
			dependencies = (
			);
			name = ImageMemo;
			productName = ImageMemo;
			productReference = 1C97B51F1FBE5FAC0050271F /* ImageMemo.app */;
			productType = "com.apple.product-type.application";
		};
/* End PBXNativeTarget section */

/* Begin PBXProject section */
		1C97B5171FBE5FAC0050271F /* Project object */ = {
			isa = PBXProject;
			attributes = {
				LastUpgradeCheck = 0910;
				ORGANIZATIONNAME = HirokiNakayama;
				TargetAttributes = {
					1C97B51E1FBE5FAC0050271F = {
						CreatedOnToolsVersion = 9.1;
						ProvisioningStyle = Automatic;
					};
				};
			};
			buildConfigurationList = 1C97B51A1FBE5FAC0050271F /* Build configuration list for PBXProject "ImageMemo" */;
			compatibilityVersion = "Xcode 8.0";
			developmentRegion = en;
			hasScannedForEncodings = 0;
			knownRegions = (
				en,
				Base,
			);
			mainGroup = 1C97B5161FBE5FAC0050271F;
			productRefGroup = 1C97B5201FBE5FAC0050271F /* Products */;
			projectDirPath = "";
			projectRoot = "";
			targets = (
				1C97B51E1FBE5FAC0050271F /* ImageMemo */,
			);
		};
/* End PBXProject section */

/* Begin PBXResourcesBuildPhase section */
		1C97B51D1FBE5FAC0050271F /* Resources */ = {
			isa = PBXResourcesBuildPhase;
			buildActionMask = 2147483647;
			files = (
				1C97B5321FBE5FAC0050271F /* LaunchScreen.storyboard in Resources */,
				1C97B52F1FBE5FAC0050271F /* Assets.xcassets in Resources */,
				1CEEFCC41FE3997C005BFB8C /* setting_button.png in Resources */,
				1C97B52A1FBE5FAC0050271F /* Main.storyboard in Resources */,
				1C542DA21FCB945A00E01EBE /* navibar_back.png in Resources */,
				1C4CBF0A1FC7F0650048315F /* splash.png in Resources */,
				52647F3F1FE4FA830052D54D /* share_button.png in Resources */,
				1CBA9A011FBE89AC00252945 /* AlbumTableViewCell.xib in Resources */,
				1C4CBF0D1FC7FBD80048315F /* select_mark.png in Resources */,
				1CA8FACA1FCD578D003A71ED /* player_play.png in Resources */,
				1C1F397A1FE748FD009E96FA /* feature.txt in Resources */,
				1CA8FAC81FCD2240003A71ED /* navibar_close.png in Resources */,
				1CEEFCC61FE39B9E005BFB8C /* memo_mark.png in Resources */,
			);
			runOnlyForDeploymentPostprocessing = 0;
		};
/* End PBXResourcesBuildPhase section */

/* Begin PBXSourcesBuildPhase section */
		1C97B51B1FBE5FAC0050271F /* Sources */ = {
			isa = PBXSourcesBuildPhase;
			buildActionMask = 2147483647;
			files = (
				1CA8FAC61FCCFE58003A71ED /* ImageViewController.m in Sources */,
				1C97B5271FBE5FAC0050271F /* AlbumListViewController.m in Sources */,
				1C97B5241FBE5FAC0050271F /* AppDelegate.m in Sources */,
				1C97B5351FBE5FAC0050271F /* main.m in Sources */,
				1C019D921FC405BB0081A909 /* CoreDataManager.m in Sources */,
				1C542DA51FCBCC4900E01EBE /* PlayerViewController.m in Sources */,
				1C019D951FC405C80081A909 /* PhotoEntity.m in Sources */,
				1CA8FAC31FCCF8CA003A71ED /* MemoSelectViewController.m in Sources */,
				1CBA9A0B1FBEBB8400252945 /* PhotosViewController.m in Sources */,
				1C97B52D1FBE5FAC0050271F /* ImageMemo.xcdatamodeld in Sources */,
				1C7856C71FC5180700E50E19 /* PhotoCollection.m in Sources */,
				1CBA9A001FBE89AC00252945 /* AlbumTableViewCell.m in Sources */,
			);
			runOnlyForDeploymentPostprocessing = 0;
		};
/* End PBXSourcesBuildPhase section */

/* Begin PBXVariantGroup section */
		1C97B5281FBE5FAC0050271F /* Main.storyboard */ = {
			isa = PBXVariantGroup;
			children = (
				1C97B5291FBE5FAC0050271F /* Base */,
			);
			name = Main.storyboard;
			sourceTree = "<group>";
		};
		1C97B5301FBE5FAC0050271F /* LaunchScreen.storyboard */ = {
			isa = PBXVariantGroup;
			children = (
				1C97B5311FBE5FAC0050271F /* Base */,
			);
			name = LaunchScreen.storyboard;
			sourceTree = "<group>";
		};
/* End PBXVariantGroup section */

/* Begin XCBuildConfiguration section */
		1C97B5361FBE5FAC0050271F /* Debug */ = {
			isa = XCBuildConfiguration;
			buildSettings = {
				ALWAYS_SEARCH_USER_PATHS = NO;
				CLANG_ANALYZER_NONNULL = YES;
				CLANG_ANALYZER_NUMBER_OBJECT_CONVERSION = YES_AGGRESSIVE;
				CLANG_CXX_LANGUAGE_STANDARD = "gnu++14";
				CLANG_CXX_LIBRARY = "libc++";
				CLANG_ENABLE_MODULES = YES;
				CLANG_ENABLE_OBJC_ARC = YES;
				CLANG_WARN_BLOCK_CAPTURE_AUTORELEASING = YES;
				CLANG_WARN_BOOL_CONVERSION = YES;
				CLANG_WARN_COMMA = YES;
				CLANG_WARN_CONSTANT_CONVERSION = YES;
				CLANG_WARN_DIRECT_OBJC_ISA_USAGE = YES_ERROR;
				CLANG_WARN_DOCUMENTATION_COMMENTS = YES;
				CLANG_WARN_EMPTY_BODY = YES;
				CLANG_WARN_ENUM_CONVERSION = YES;
				CLANG_WARN_INFINITE_RECURSION = YES;
				CLANG_WARN_INT_CONVERSION = YES;
				CLANG_WARN_NON_LITERAL_NULL_CONVERSION = YES;
				CLANG_WARN_OBJC_LITERAL_CONVERSION = YES;
				CLANG_WARN_OBJC_ROOT_CLASS = YES_ERROR;
				CLANG_WARN_RANGE_LOOP_ANALYSIS = YES;
				CLANG_WARN_STRICT_PROTOTYPES = YES;
				CLANG_WARN_SUSPICIOUS_MOVE = YES;
				CLANG_WARN_UNGUARDED_AVAILABILITY = YES_AGGRESSIVE;
				CLANG_WARN_UNREACHABLE_CODE = YES;
				CLANG_WARN__DUPLICATE_METHOD_MATCH = YES;
				CODE_SIGN_IDENTITY = "iPhone Developer";
				COPY_PHASE_STRIP = NO;
				DEBUG_INFORMATION_FORMAT = dwarf;
				ENABLE_STRICT_OBJC_MSGSEND = YES;
				ENABLE_TESTABILITY = YES;
				GCC_C_LANGUAGE_STANDARD = gnu11;
				GCC_DYNAMIC_NO_PIC = NO;
				GCC_NO_COMMON_BLOCKS = YES;
				GCC_OPTIMIZATION_LEVEL = 0;
				GCC_PREPROCESSOR_DEFINITIONS = (
					"DEBUG=1",
					"$(inherited)",
				);
				GCC_WARN_64_TO_32_BIT_CONVERSION = YES;
				GCC_WARN_ABOUT_RETURN_TYPE = YES_ERROR;
				GCC_WARN_UNDECLARED_SELECTOR = YES;
				GCC_WARN_UNINITIALIZED_AUTOS = YES_AGGRESSIVE;
				GCC_WARN_UNUSED_FUNCTION = YES;
				GCC_WARN_UNUSED_VARIABLE = YES;
				IPHONEOS_DEPLOYMENT_TARGET = 11.1;
				MTL_ENABLE_DEBUG_INFO = YES;
				ONLY_ACTIVE_ARCH = YES;
				SDKROOT = iphoneos;
			};
			name = Debug;
		};
		1C97B5371FBE5FAC0050271F /* Release */ = {
			isa = XCBuildConfiguration;
			buildSettings = {
				ALWAYS_SEARCH_USER_PATHS = NO;
				CLANG_ANALYZER_NONNULL = YES;
				CLANG_ANALYZER_NUMBER_OBJECT_CONVERSION = YES_AGGRESSIVE;
				CLANG_CXX_LANGUAGE_STANDARD = "gnu++14";
				CLANG_CXX_LIBRARY = "libc++";
				CLANG_ENABLE_MODULES = YES;
				CLANG_ENABLE_OBJC_ARC = YES;
				CLANG_WARN_BLOCK_CAPTURE_AUTORELEASING = YES;
				CLANG_WARN_BOOL_CONVERSION = YES;
				CLANG_WARN_COMMA = YES;
				CLANG_WARN_CONSTANT_CONVERSION = YES;
				CLANG_WARN_DIRECT_OBJC_ISA_USAGE = YES_ERROR;
				CLANG_WARN_DOCUMENTATION_COMMENTS = YES;
				CLANG_WARN_EMPTY_BODY = YES;
				CLANG_WARN_ENUM_CONVERSION = YES;
				CLANG_WARN_INFINITE_RECURSION = YES;
				CLANG_WARN_INT_CONVERSION = YES;
				CLANG_WARN_NON_LITERAL_NULL_CONVERSION = YES;
				CLANG_WARN_OBJC_LITERAL_CONVERSION = YES;
				CLANG_WARN_OBJC_ROOT_CLASS = YES_ERROR;
				CLANG_WARN_RANGE_LOOP_ANALYSIS = YES;
				CLANG_WARN_STRICT_PROTOTYPES = YES;
				CLANG_WARN_SUSPICIOUS_MOVE = YES;
				CLANG_WARN_UNGUARDED_AVAILABILITY = YES_AGGRESSIVE;
				CLANG_WARN_UNREACHABLE_CODE = YES;
				CLANG_WARN__DUPLICATE_METHOD_MATCH = YES;
				CODE_SIGN_IDENTITY = "iPhone Developer";
				COPY_PHASE_STRIP = NO;
				DEBUG_INFORMATION_FORMAT = "dwarf-with-dsym";
				ENABLE_NS_ASSERTIONS = NO;
				ENABLE_STRICT_OBJC_MSGSEND = YES;
				GCC_C_LANGUAGE_STANDARD = gnu11;
				GCC_NO_COMMON_BLOCKS = YES;
				GCC_WARN_64_TO_32_BIT_CONVERSION = YES;
				GCC_WARN_ABOUT_RETURN_TYPE = YES_ERROR;
				GCC_WARN_UNDECLARED_SELECTOR = YES;
				GCC_WARN_UNINITIALIZED_AUTOS = YES_AGGRESSIVE;
				GCC_WARN_UNUSED_FUNCTION = YES;
				GCC_WARN_UNUSED_VARIABLE = YES;
				IPHONEOS_DEPLOYMENT_TARGET = 11.1;
				MTL_ENABLE_DEBUG_INFO = NO;
				SDKROOT = iphoneos;
				VALIDATE_PRODUCT = YES;
			};
			name = Release;
		};
		1C97B5391FBE5FAC0050271F /* Debug */ = {
			isa = XCBuildConfiguration;
			buildSettings = {
				ASSETCATALOG_COMPILER_APPICON_NAME = AppIcon;
				"CODE_SIGN_IDENTITY[sdk=iphoneos*]" = "iPhone Developer";
				CODE_SIGN_STYLE = Automatic;
				DEVELOPMENT_TEAM = LR348WFMT6;
				INFOPLIST_FILE = ImageMemo/Info.plist;
				IPHONEOS_DEPLOYMENT_TARGET = 10.0;
				LD_RUNPATH_SEARCH_PATHS = "$(inherited) @executable_path/Frameworks";
				ONLY_ACTIVE_ARCH = NO;
				PRODUCT_BUNDLE_IDENTIFIER = test.ImageMemo;
				PRODUCT_NAME = "$(TARGET_NAME)";
				PROVISIONING_PROFILE = "";
				PROVISIONING_PROFILE_SPECIFIER = "";
				STRIP_SWIFT_SYMBOLS = YES;
				TARGETED_DEVICE_FAMILY = 1;
			};
			name = Debug;
		};
		1C97B53A1FBE5FAC0050271F /* Release */ = {
			isa = XCBuildConfiguration;
			buildSettings = {
				ASSETCATALOG_COMPILER_APPICON_NAME = AppIcon;
				"CODE_SIGN_IDENTITY[sdk=iphoneos*]" = "iPhone Developer";
				CODE_SIGN_STYLE = Automatic;
				DEVELOPMENT_TEAM = LR348WFMT6;
				INFOPLIST_FILE = ImageMemo/Info.plist;
				IPHONEOS_DEPLOYMENT_TARGET = 10.0;
				LD_RUNPATH_SEARCH_PATHS = "$(inherited) @executable_path/Frameworks";
				PRODUCT_BUNDLE_IDENTIFIER = test.ImageMemo;
				PRODUCT_NAME = "$(TARGET_NAME)";
				PROVISIONING_PROFILE = "";
				PROVISIONING_PROFILE_SPECIFIER = "";
				STRIP_SWIFT_SYMBOLS = YES;
				TARGETED_DEVICE_FAMILY = 1;
			};
			name = Release;
		};
/* End XCBuildConfiguration section */

/* Begin XCConfigurationList section */
		1C97B51A1FBE5FAC0050271F /* Build configuration list for PBXProject "ImageMemo" */ = {
			isa = XCConfigurationList;
			buildConfigurations = (
				1C97B5361FBE5FAC0050271F /* Debug */,
				1C97B5371FBE5FAC0050271F /* Release */,
			);
			defaultConfigurationIsVisible = 0;
			defaultConfigurationName = Release;
		};
		1C97B5381FBE5FAC0050271F /* Build configuration list for PBXNativeTarget "ImageMemo" */ = {
			isa = XCConfigurationList;
			buildConfigurations = (
				1C97B5391FBE5FAC0050271F /* Debug */,
				1C97B53A1FBE5FAC0050271F /* Release */,
			);
			defaultConfigurationIsVisible = 0;
			defaultConfigurationName = Release;
		};
/* End XCConfigurationList section */

/* Begin XCVersionGroup section */
		1C97B52B1FBE5FAC0050271F /* ImageMemo.xcdatamodeld */ = {
			isa = XCVersionGroup;
			children = (
				1C97B52C1FBE5FAC0050271F /* ImageMemo.xcdatamodel */,
			);
			currentVersion = 1C97B52C1FBE5FAC0050271F /* ImageMemo.xcdatamodel */;
			path = ImageMemo.xcdatamodeld;
			sourceTree = "<group>";
			versionGroupType = wrapper.xcdatamodel;
		};
/* End XCVersionGroup section */
	};
	rootObject = 1C97B5171FBE5FAC0050271F /* Project object */;
}
